// !$*UTF8*$!
{
	archiveVersion = 1;
	classes = {
	};
	objectVersion = 52;
	objects = {

/* Begin PBXBuildFile section */
		607FACEC1AFB9204008FA782 /* Tests.swift in Sources */ = {isa = PBXBuildFile; fileRef = 607FACEB1AFB9204008FA782 /* Tests.swift */; };
		FD46E4582864BCD400C80FDF /* SwiftyFitsize in Frameworks */ = {isa = PBXBuildFile; productRef = FD46E4572864BCD400C80FDF /* SwiftyFitsize */; };
		FD46E45E2864C3D000C80FDF /* SnapKit in Frameworks */ = {isa = PBXBuildFile; productRef = FD46E45D2864C3D000C80FDF /* SnapKit */; };
		FD58D9A825792722003270C8 /* LandscapeViewController.swift in Sources */ = {isa = PBXBuildFile; fileRef = FD58D9A725792722003270C8 /* LandscapeViewController.swift */; };
		FD58D9FA257B4EB0003270C8 /* PortraitViewController.swift in Sources */ = {isa = PBXBuildFile; fileRef = FD58D9F9257B4EB0003270C8 /* PortraitViewController.swift */; };
		FD7BFAAC2866F09F002B2F01 /* SwiftyFitsize in Frameworks */ = {isa = PBXBuildFile; productRef = FD7BFAAB2866F09F002B2F01 /* SwiftyFitsize */; };
		FD7BFAAE2866F0AA002B2F01 /* SwiftyFitsize in Frameworks */ = {isa = PBXBuildFile; productRef = FD7BFAAD2866F0AA002B2F01 /* SwiftyFitsize */; };
		FD7BFAB02866F76D002B2F01 /* SnapKit in Frameworks */ = {isa = PBXBuildFile; productRef = FD7BFAAF2866F76D002B2F01 /* SnapKit */; };
		FDC4F7B626D6901F002D67AE /* AppDelegate.swift in Sources */ = {isa = PBXBuildFile; fileRef = FDC4F7B526D6901F002D67AE /* AppDelegate.swift */; };
		FDC4F7B826D6901F002D67AE /* SceneDelegate.swift in Sources */ = {isa = PBXBuildFile; fileRef = FDC4F7B726D6901F002D67AE /* SceneDelegate.swift */; };
		FDC4F7BA26D6901F002D67AE /* ViewController.swift in Sources */ = {isa = PBXBuildFile; fileRef = FDC4F7B926D6901F002D67AE /* ViewController.swift */; };
		FDC4F7BD26D6901F002D67AE /* Main.storyboard in Resources */ = {isa = PBXBuildFile; fileRef = FDC4F7BB26D6901F002D67AE /* Main.storyboard */; };
		FDC4F7BF26D69021002D67AE /* Assets.xcassets in Resources */ = {isa = PBXBuildFile; fileRef = FDC4F7BE26D69021002D67AE /* Assets.xcassets */; };
		FDC4F7C226D69021002D67AE /* LaunchScreen.storyboard in Resources */ = {isa = PBXBuildFile; fileRef = FDC4F7C026D69021002D67AE /* LaunchScreen.storyboard */; };
		FDD73CF6219D053F00CF24B1 /* AppDelegate.m in Sources */ = {isa = PBXBuildFile; fileRef = FDD73CF5219D053F00CF24B1 /* AppDelegate.m */; };
		FDD73CF9219D053F00CF24B1 /* ViewController.m in Sources */ = {isa = PBXBuildFile; fileRef = FDD73CF8219D053F00CF24B1 /* ViewController.m */; };
		FDD73CFC219D053F00CF24B1 /* Main.storyboard in Resources */ = {isa = PBXBuildFile; fileRef = FDD73CFA219D053F00CF24B1 /* Main.storyboard */; };
		FDD73CFE219D054000CF24B1 /* Assets.xcassets in Resources */ = {isa = PBXBuildFile; fileRef = FDD73CFD219D054000CF24B1 /* Assets.xcassets */; };
		FDD73D01219D054000CF24B1 /* LaunchScreen.storyboard in Resources */ = {isa = PBXBuildFile; fileRef = FDD73CFF219D054000CF24B1 /* LaunchScreen.storyboard */; };
		FDD73D04219D054000CF24B1 /* main.m in Sources */ = {isa = PBXBuildFile; fileRef = FDD73D03219D054000CF24B1 /* main.m */; };
		FDD73D0E219D054000CF24B1 /* SwiftyFitsize_OCTests.m in Sources */ = {isa = PBXBuildFile; fileRef = FDD73D0D219D054000CF24B1 /* SwiftyFitsize_OCTests.m */; };
		FDD73D19219D054000CF24B1 /* SwiftyFitsize_OCUITests.m in Sources */ = {isa = PBXBuildFile; fileRef = FDD73D18219D054000CF24B1 /* SwiftyFitsize_OCUITests.m */; };
		FDD73D45219D077C00CF24B1 /* ViewController.swift in Sources */ = {isa = PBXBuildFile; fileRef = FDD73D3B219D077C00CF24B1 /* ViewController.swift */; };
		FDD73D46219D077C00CF24B1 /* FitsizeView.xib in Resources */ = {isa = PBXBuildFile; fileRef = FDD73D3C219D077C00CF24B1 /* FitsizeView.xib */; };
		FDD73D47219D077C00CF24B1 /* FitsizeView.swift in Sources */ = {isa = PBXBuildFile; fileRef = FDD73D3D219D077C00CF24B1 /* FitsizeView.swift */; };
		FDD73D48219D077C00CF24B1 /* LaunchScreen.xib in Resources */ = {isa = PBXBuildFile; fileRef = FDD73D3E219D077C00CF24B1 /* LaunchScreen.xib */; };
		FDD73D49219D077C00CF24B1 /* Main.storyboard in Resources */ = {isa = PBXBuildFile; fileRef = FDD73D40219D077C00CF24B1 /* Main.storyboard */; };
		FDD73D4A219D077C00CF24B1 /* Images.xcassets in Resources */ = {isa = PBXBuildFile; fileRef = FDD73D42219D077C00CF24B1 /* Images.xcassets */; };
		FDD73D4B219D077C00CF24B1 /* AppDelegate.swift in Sources */ = {isa = PBXBuildFile; fileRef = FDD73D43219D077C00CF24B1 /* AppDelegate.swift */; };
/* End PBXBuildFile section */

/* Begin PBXContainerItemProxy section */
		607FACE61AFB9204008FA782 /* PBXContainerItemProxy */ = {
			isa = PBXContainerItemProxy;
			containerPortal = 607FACC81AFB9204008FA782 /* Project object */;
			proxyType = 1;
			remoteGlobalIDString = 607FACCF1AFB9204008FA782;
			remoteInfo = SwiftyFitsize;
		};
		FDD73D0A219D054000CF24B1 /* PBXContainerItemProxy */ = {
			isa = PBXContainerItemProxy;
			containerPortal = 607FACC81AFB9204008FA782 /* Project object */;
			proxyType = 1;
			remoteGlobalIDString = FDD73CF1219D053F00CF24B1;
			remoteInfo = "SwiftyFitsize-OC";
		};
		FDD73D15219D054000CF24B1 /* PBXContainerItemProxy */ = {
			isa = PBXContainerItemProxy;
			containerPortal = 607FACC81AFB9204008FA782 /* Project object */;
			proxyType = 1;
			remoteGlobalIDString = FDD73CF1219D053F00CF24B1;
			remoteInfo = "SwiftyFitsize-OC";
		};
/* End PBXContainerItemProxy section */

/* Begin PBXFileReference section */
		1F39449069E67D0AFAF81865 /* LICENSE */ = {isa = PBXFileReference; includeInIndex = 1; lastKnownFileType = text; name = LICENSE; path = ../LICENSE; sourceTree = "<group>"; };
		607FACD01AFB9204008FA782 /* SwiftyFitsize_Swift.app */ = {isa = PBXFileReference; explicitFileType = wrapper.application; includeInIndex = 0; path = SwiftyFitsize_Swift.app; sourceTree = BUILT_PRODUCTS_DIR; };
		607FACE51AFB9204008FA782 /* SwiftyFitsize_SwiftTests.xctest */ = {isa = PBXFileReference; explicitFileType = wrapper.cfbundle; includeInIndex = 0; path = SwiftyFitsize_SwiftTests.xctest; sourceTree = BUILT_PRODUCTS_DIR; };
		607FACEA1AFB9204008FA782 /* Info.plist */ = {isa = PBXFileReference; lastKnownFileType = text.plist.xml; path = Info.plist; sourceTree = "<group>"; };
		607FACEB1AFB9204008FA782 /* Tests.swift */ = {isa = PBXFileReference; lastKnownFileType = sourcecode.swift; path = Tests.swift; sourceTree = "<group>"; };
		BE7798381C8FED4CEF4E3272 /* README.md */ = {isa = PBXFileReference; includeInIndex = 1; lastKnownFileType = net.daringfireball.markdown; name = README.md; path = ../README.md; sourceTree = "<group>"; };
		E6F933659A20197919B99384 /* SwiftyFitsize.podspec */ = {isa = PBXFileReference; includeInIndex = 1; lastKnownFileType = text; name = SwiftyFitsize.podspec; path = ../SwiftyFitsize.podspec; sourceTree = "<group>"; };
		FD46E44F2864B6A600C80FDF /* Package.swift */ = {isa = PBXFileReference; lastKnownFileType = sourcecode.swift; name = Package.swift; path = ../Package.swift; sourceTree = "<group>"; };
		FD46E4562864BC9800C80FDF /* SwiftyFitsize */ = {isa = PBXFileReference; lastKnownFileType = wrapper; name = SwiftyFitsize; path = ..; sourceTree = "<group>"; };
		FD58D9A725792722003270C8 /* LandscapeViewController.swift */ = {isa = PBXFileReference; lastKnownFileType = sourcecode.swift; path = LandscapeViewController.swift; sourceTree = "<group>"; };
		FD58D9F9257B4EB0003270C8 /* PortraitViewController.swift */ = {isa = PBXFileReference; lastKnownFileType = sourcecode.swift; path = PortraitViewController.swift; sourceTree = "<group>"; };
		FDC4F7B326D6901F002D67AE /* SwiftyFitsize_Scene.app */ = {isa = PBXFileReference; explicitFileType = wrapper.application; includeInIndex = 0; path = SwiftyFitsize_Scene.app; sourceTree = BUILT_PRODUCTS_DIR; };
		FDC4F7B526D6901F002D67AE /* AppDelegate.swift */ = {isa = PBXFileReference; lastKnownFileType = sourcecode.swift; path = AppDelegate.swift; sourceTree = "<group>"; };
		FDC4F7B726D6901F002D67AE /* SceneDelegate.swift */ = {isa = PBXFileReference; lastKnownFileType = sourcecode.swift; path = SceneDelegate.swift; sourceTree = "<group>"; };
		FDC4F7B926D6901F002D67AE /* ViewController.swift */ = {isa = PBXFileReference; lastKnownFileType = sourcecode.swift; path = ViewController.swift; sourceTree = "<group>"; };
		FDC4F7BC26D6901F002D67AE /* Base */ = {isa = PBXFileReference; lastKnownFileType = file.storyboard; name = Base; path = Base.lproj/Main.storyboard; sourceTree = "<group>"; };
		FDC4F7BE26D69021002D67AE /* Assets.xcassets */ = {isa = PBXFileReference; lastKnownFileType = folder.assetcatalog; path = Assets.xcassets; sourceTree = "<group>"; };
		FDC4F7C126D69021002D67AE /* Base */ = {isa = PBXFileReference; lastKnownFileType = file.storyboard; name = Base; path = Base.lproj/LaunchScreen.storyboard; sourceTree = "<group>"; };
		FDC4F7C326D69021002D67AE /* Info.plist */ = {isa = PBXFileReference; lastKnownFileType = text.plist.xml; path = Info.plist; sourceTree = "<group>"; };
		FDD73CF2219D053F00CF24B1 /* SwiftyFitsize_OC.app */ = {isa = PBXFileReference; explicitFileType = wrapper.application; includeInIndex = 0; path = SwiftyFitsize_OC.app; sourceTree = BUILT_PRODUCTS_DIR; };
		FDD73CF4219D053F00CF24B1 /* AppDelegate.h */ = {isa = PBXFileReference; lastKnownFileType = sourcecode.c.h; path = AppDelegate.h; sourceTree = "<group>"; };
		FDD73CF5219D053F00CF24B1 /* AppDelegate.m */ = {isa = PBXFileReference; lastKnownFileType = sourcecode.c.objc; path = AppDelegate.m; sourceTree = "<group>"; };
		FDD73CF7219D053F00CF24B1 /* ViewController.h */ = {isa = PBXFileReference; lastKnownFileType = sourcecode.c.h; path = ViewController.h; sourceTree = "<group>"; };
		FDD73CF8219D053F00CF24B1 /* ViewController.m */ = {isa = PBXFileReference; lastKnownFileType = sourcecode.c.objc; path = ViewController.m; sourceTree = "<group>"; };
		FDD73CFB219D053F00CF24B1 /* Base */ = {isa = PBXFileReference; lastKnownFileType = file.storyboard; name = Base; path = Base.lproj/Main.storyboard; sourceTree = "<group>"; };
		FDD73CFD219D054000CF24B1 /* Assets.xcassets */ = {isa = PBXFileReference; lastKnownFileType = folder.assetcatalog; path = Assets.xcassets; sourceTree = "<group>"; };
		FDD73D00219D054000CF24B1 /* Base */ = {isa = PBXFileReference; lastKnownFileType = file.storyboard; name = Base; path = Base.lproj/LaunchScreen.storyboard; sourceTree = "<group>"; };
		FDD73D02219D054000CF24B1 /* Info.plist */ = {isa = PBXFileReference; lastKnownFileType = text.plist.xml; path = Info.plist; sourceTree = "<group>"; };
		FDD73D03219D054000CF24B1 /* main.m */ = {isa = PBXFileReference; lastKnownFileType = sourcecode.c.objc; path = main.m; sourceTree = "<group>"; };
		FDD73D09219D054000CF24B1 /* SwiftyFitsize_OCTests.xctest */ = {isa = PBXFileReference; explicitFileType = wrapper.cfbundle; includeInIndex = 0; path = SwiftyFitsize_OCTests.xctest; sourceTree = BUILT_PRODUCTS_DIR; };
		FDD73D0D219D054000CF24B1 /* SwiftyFitsize_OCTests.m */ = {isa = PBXFileReference; lastKnownFileType = sourcecode.c.objc; path = SwiftyFitsize_OCTests.m; sourceTree = "<group>"; };
		FDD73D0F219D054000CF24B1 /* Info.plist */ = {isa = PBXFileReference; lastKnownFileType = text.plist.xml; path = Info.plist; sourceTree = "<group>"; };
		FDD73D14219D054000CF24B1 /* SwiftyFitsize_OCUITests.xctest */ = {isa = PBXFileReference; explicitFileType = wrapper.cfbundle; includeInIndex = 0; path = SwiftyFitsize_OCUITests.xctest; sourceTree = BUILT_PRODUCTS_DIR; };
		FDD73D18219D054000CF24B1 /* SwiftyFitsize_OCUITests.m */ = {isa = PBXFileReference; lastKnownFileType = sourcecode.c.objc; path = SwiftyFitsize_OCUITests.m; sourceTree = "<group>"; };
		FDD73D1A219D054000CF24B1 /* Info.plist */ = {isa = PBXFileReference; lastKnownFileType = text.plist.xml; path = Info.plist; sourceTree = "<group>"; };
		FDD73D3B219D077C00CF24B1 /* ViewController.swift */ = {isa = PBXFileReference; fileEncoding = 4; lastKnownFileType = sourcecode.swift; path = ViewController.swift; sourceTree = "<group>"; };
		FDD73D3C219D077C00CF24B1 /* FitsizeView.xib */ = {isa = PBXFileReference; fileEncoding = 4; lastKnownFileType = file.xib; path = FitsizeView.xib; sourceTree = "<group>"; };
		FDD73D3D219D077C00CF24B1 /* FitsizeView.swift */ = {isa = PBXFileReference; fileEncoding = 4; lastKnownFileType = sourcecode.swift; path = FitsizeView.swift; sourceTree = "<group>"; };
		FDD73D3F219D077C00CF24B1 /* Base */ = {isa = PBXFileReference; lastKnownFileType = file.xib; name = Base; path = Base.lproj/LaunchScreen.xib; sourceTree = "<group>"; };
		FDD73D41219D077C00CF24B1 /* Base */ = {isa = PBXFileReference; lastKnownFileType = file.storyboard; name = Base; path = Base.lproj/Main.storyboard; sourceTree = "<group>"; };
		FDD73D42219D077C00CF24B1 /* Images.xcassets */ = {isa = PBXFileReference; lastKnownFileType = folder.assetcatalog; path = Images.xcassets; sourceTree = "<group>"; };
		FDD73D43219D077C00CF24B1 /* AppDelegate.swift */ = {isa = PBXFileReference; fileEncoding = 4; lastKnownFileType = sourcecode.swift; path = AppDelegate.swift; sourceTree = "<group>"; };
		FDD73D44219D077C00CF24B1 /* Info.plist */ = {isa = PBXFileReference; fileEncoding = 4; lastKnownFileType = text.plist.xml; path = Info.plist; sourceTree = "<group>"; };
/* End PBXFileReference section */

/* Begin PBXFrameworksBuildPhase section */
		607FACCD1AFB9204008FA782 /* Frameworks */ = {
			isa = PBXFrameworksBuildPhase;
			buildActionMask = 2147483647;
			files = (
				FD46E4582864BCD400C80FDF /* SwiftyFitsize in Frameworks */,
				FD46E45E2864C3D000C80FDF /* SnapKit in Frameworks */,
			);
			runOnlyForDeploymentPostprocessing = 0;
		};
		607FACE21AFB9204008FA782 /* Frameworks */ = {
			isa = PBXFrameworksBuildPhase;
			buildActionMask = 2147483647;
			files = (
			);
			runOnlyForDeploymentPostprocessing = 0;
		};
		FDC4F7B026D6901F002D67AE /* Frameworks */ = {
			isa = PBXFrameworksBuildPhase;
			buildActionMask = 2147483647;
			files = (
				FD7BFAAE2866F0AA002B2F01 /* SwiftyFitsize in Frameworks */,
				FD7BFAB02866F76D002B2F01 /* SnapKit in Frameworks */,
			);
			runOnlyForDeploymentPostprocessing = 0;
		};
		FDD73CEF219D053F00CF24B1 /* Frameworks */ = {
			isa = PBXFrameworksBuildPhase;
			buildActionMask = 2147483647;
			files = (
				FD7BFAAC2866F09F002B2F01 /* SwiftyFitsize in Frameworks */,
			);
			runOnlyForDeploymentPostprocessing = 0;
		};
		FDD73D06219D054000CF24B1 /* Frameworks */ = {
			isa = PBXFrameworksBuildPhase;
			buildActionMask = 2147483647;
			files = (
			);
			runOnlyForDeploymentPostprocessing = 0;
		};
		FDD73D11219D054000CF24B1 /* Frameworks */ = {
			isa = PBXFrameworksBuildPhase;
			buildActionMask = 2147483647;
			files = (
			);
			runOnlyForDeploymentPostprocessing = 0;
		};
/* End PBXFrameworksBuildPhase section */

/* Begin PBXGroup section */
		34268B17AF34B66E4CC55FD4 /* Frameworks */ = {
			isa = PBXGroup;
			children = (
				FD46E44F2864B6A600C80FDF /* Package.swift */,
			);
			name = Frameworks;
			sourceTree = "<group>";
		};
		607FACC71AFB9204008FA782 = {
			isa = PBXGroup;
			children = (
				FD46E4552864BC9800C80FDF /* Packages */,
				607FACF51AFB993E008FA782 /* Podspec Metadata */,
				FDD73D27219D05E500CF24B1 /* OC */,
				FDD73D25219D05C600CF24B1 /* Swift */,
				FDC4F7B426D6901F002D67AE /* Scene */,
				607FACD11AFB9204008FA782 /* Products */,
				34268B17AF34B66E4CC55FD4 /* Frameworks */,
			);
			sourceTree = "<group>";
		};
		607FACD11AFB9204008FA782 /* Products */ = {
			isa = PBXGroup;
			children = (
				607FACD01AFB9204008FA782 /* SwiftyFitsize_Swift.app */,
				607FACE51AFB9204008FA782 /* SwiftyFitsize_SwiftTests.xctest */,
				FDD73CF2219D053F00CF24B1 /* SwiftyFitsize_OC.app */,
				FDD73D09219D054000CF24B1 /* SwiftyFitsize_OCTests.xctest */,
				FDD73D14219D054000CF24B1 /* SwiftyFitsize_OCUITests.xctest */,
				FDC4F7B326D6901F002D67AE /* SwiftyFitsize_Scene.app */,
			);
			name = Products;
			sourceTree = "<group>";
		};
		607FACE81AFB9204008FA782 /* Tests */ = {
			isa = PBXGroup;
			children = (
				607FACEB1AFB9204008FA782 /* Tests.swift */,
				607FACE91AFB9204008FA782 /* Supporting Files */,
			);
			path = Tests;
			sourceTree = "<group>";
		};
		607FACE91AFB9204008FA782 /* Supporting Files */ = {
			isa = PBXGroup;
			children = (
				607FACEA1AFB9204008FA782 /* Info.plist */,
			);
			name = "Supporting Files";
			sourceTree = "<group>";
		};
		607FACF51AFB993E008FA782 /* Podspec Metadata */ = {
			isa = PBXGroup;
			children = (
				E6F933659A20197919B99384 /* SwiftyFitsize.podspec */,
				BE7798381C8FED4CEF4E3272 /* README.md */,
				1F39449069E67D0AFAF81865 /* LICENSE */,
			);
			name = "Podspec Metadata";
			sourceTree = "<group>";
		};
		FD46E4552864BC9800C80FDF /* Packages */ = {
			isa = PBXGroup;
			children = (
				FD46E4562864BC9800C80FDF /* SwiftyFitsize */,
			);
			name = Packages;
			sourceTree = "<group>";
		};
		FDC4F7B426D6901F002D67AE /* Scene */ = {
			isa = PBXGroup;
			children = (
				FDC4F7B526D6901F002D67AE /* AppDelegate.swift */,
				FDC4F7B726D6901F002D67AE /* SceneDelegate.swift */,
				FDC4F7B926D6901F002D67AE /* ViewController.swift */,
				FDC4F7BB26D6901F002D67AE /* Main.storyboard */,
				FDC4F7BE26D69021002D67AE /* Assets.xcassets */,
				FDC4F7C026D69021002D67AE /* LaunchScreen.storyboard */,
				FDC4F7C326D69021002D67AE /* Info.plist */,
			);
			path = Scene;
			sourceTree = "<group>";
		};
		FDD73CF3219D053F00CF24B1 /* SwiftyFitsize */ = {
			isa = PBXGroup;
			children = (
				FDD73CF4219D053F00CF24B1 /* AppDelegate.h */,
				FDD73CF5219D053F00CF24B1 /* AppDelegate.m */,
				FDD73CF7219D053F00CF24B1 /* ViewController.h */,
				FDD73CF8219D053F00CF24B1 /* ViewController.m */,
				FDD73CFA219D053F00CF24B1 /* Main.storyboard */,
				FDD73CFD219D054000CF24B1 /* Assets.xcassets */,
				FDD73CFF219D054000CF24B1 /* LaunchScreen.storyboard */,
				FDD73D02219D054000CF24B1 /* Info.plist */,
				FDD73D03219D054000CF24B1 /* main.m */,
			);
			path = SwiftyFitsize;
			sourceTree = "<group>";
		};
		FDD73D0C219D054000CF24B1 /* Tests */ = {
			isa = PBXGroup;
			children = (
				FDD73D0D219D054000CF24B1 /* SwiftyFitsize_OCTests.m */,
				FDD73D0F219D054000CF24B1 /* Info.plist */,
			);
			path = Tests;
			sourceTree = "<group>";
		};
		FDD73D17219D054000CF24B1 /* UITests */ = {
			isa = PBXGroup;
			children = (
				FDD73D18219D054000CF24B1 /* SwiftyFitsize_OCUITests.m */,
				FDD73D1A219D054000CF24B1 /* Info.plist */,
			);
			path = UITests;
			sourceTree = "<group>";
		};
		FDD73D25219D05C600CF24B1 /* Swift */ = {
			isa = PBXGroup;
			children = (
				FDD73D3A219D077C00CF24B1 /* SwiftyFitsize */,
				607FACE81AFB9204008FA782 /* Tests */,
			);
			path = Swift;
			sourceTree = "<group>";
		};
		FDD73D27219D05E500CF24B1 /* OC */ = {
			isa = PBXGroup;
			children = (
				FDD73CF3219D053F00CF24B1 /* SwiftyFitsize */,
				FDD73D0C219D054000CF24B1 /* Tests */,
				FDD73D17219D054000CF24B1 /* UITests */,
			);
			path = OC;
			sourceTree = "<group>";
		};
		FDD73D3A219D077C00CF24B1 /* SwiftyFitsize */ = {
			isa = PBXGroup;
			children = (
				FDD73D3B219D077C00CF24B1 /* ViewController.swift */,
				FD58D9F9257B4EB0003270C8 /* PortraitViewController.swift */,
				FD58D9A725792722003270C8 /* LandscapeViewController.swift */,
				FDD73D3C219D077C00CF24B1 /* FitsizeView.xib */,
				FDD73D3D219D077C00CF24B1 /* FitsizeView.swift */,
				FDD73D3E219D077C00CF24B1 /* LaunchScreen.xib */,
				FDD73D40219D077C00CF24B1 /* Main.storyboard */,
				FDD73D42219D077C00CF24B1 /* Images.xcassets */,
				FDD73D43219D077C00CF24B1 /* AppDelegate.swift */,
				FDD73D44219D077C00CF24B1 /* Info.plist */,
			);
			path = SwiftyFitsize;
			sourceTree = "<group>";
		};
/* End PBXGroup section */

/* Begin PBXNativeTarget section */
		607FACCF1AFB9204008FA782 /* SwiftyFitsize_Swift */ = {
			isa = PBXNativeTarget;
			buildConfigurationList = 607FACEF1AFB9204008FA782 /* Build configuration list for PBXNativeTarget "SwiftyFitsize_Swift" */;
			buildPhases = (
				607FACCC1AFB9204008FA782 /* Sources */,
				607FACCD1AFB9204008FA782 /* Frameworks */,
				607FACCE1AFB9204008FA782 /* Resources */,
			);
			buildRules = (
			);
			dependencies = (
			);
			name = SwiftyFitsize_Swift;
			packageProductDependencies = (
				FD46E4572864BCD400C80FDF /* SwiftyFitsize */,
				FD46E45D2864C3D000C80FDF /* SnapKit */,
			);
			productName = SwiftyFitsize;
			productReference = 607FACD01AFB9204008FA782 /* SwiftyFitsize_Swift.app */;
			productType = "com.apple.product-type.application";
		};
		607FACE41AFB9204008FA782 /* SwiftyFitsize_SwiftTests */ = {
			isa = PBXNativeTarget;
			buildConfigurationList = 607FACF21AFB9204008FA782 /* Build configuration list for PBXNativeTarget "SwiftyFitsize_SwiftTests" */;
			buildPhases = (
				0865B48E833D605A20E6027D /* [CP] Check Pods Manifest.lock */,
				607FACE11AFB9204008FA782 /* Sources */,
				607FACE21AFB9204008FA782 /* Frameworks */,
				607FACE31AFB9204008FA782 /* Resources */,
			);
			buildRules = (
			);
			dependencies = (
				607FACE71AFB9204008FA782 /* PBXTargetDependency */,
			);
			name = SwiftyFitsize_SwiftTests;
			productName = Tests;
			productReference = 607FACE51AFB9204008FA782 /* SwiftyFitsize_SwiftTests.xctest */;
			productType = "com.apple.product-type.bundle.unit-test";
		};
		FDC4F7B226D6901F002D67AE /* SwiftyFitsize_Scene */ = {
			isa = PBXNativeTarget;
			buildConfigurationList = FDC4F7C626D69021002D67AE /* Build configuration list for PBXNativeTarget "SwiftyFitsize_Scene" */;
			buildPhases = (
				FDC4F7AF26D6901F002D67AE /* Sources */,
				FDC4F7B026D6901F002D67AE /* Frameworks */,
				FDC4F7B126D6901F002D67AE /* Resources */,
			);
			buildRules = (
			);
			dependencies = (
			);
			name = SwiftyFitsize_Scene;
			packageProductDependencies = (
				FD7BFAAD2866F0AA002B2F01 /* SwiftyFitsize */,
				FD7BFAAF2866F76D002B2F01 /* SnapKit */,
			);
			productName = SwiftyFitsize_Scene;
			productReference = FDC4F7B326D6901F002D67AE /* SwiftyFitsize_Scene.app */;
			productType = "com.apple.product-type.application";
		};
		FDD73CF1219D053F00CF24B1 /* SwiftyFitsize_OC */ = {
			isa = PBXNativeTarget;
			buildConfigurationList = FDD73D21219D054000CF24B1 /* Build configuration list for PBXNativeTarget "SwiftyFitsize_OC" */;
			buildPhases = (
				FDD73CEE219D053F00CF24B1 /* Sources */,
				FDD73CEF219D053F00CF24B1 /* Frameworks */,
				FDD73CF0219D053F00CF24B1 /* Resources */,
			);
			buildRules = (
			);
			dependencies = (
			);
			name = SwiftyFitsize_OC;
			packageProductDependencies = (
				FD7BFAAB2866F09F002B2F01 /* SwiftyFitsize */,
			);
			productName = "SwiftyFitsize-OC";
			productReference = FDD73CF2219D053F00CF24B1 /* SwiftyFitsize_OC.app */;
			productType = "com.apple.product-type.application";
		};
		FDD73D08219D054000CF24B1 /* SwiftyFitsize_OCTests */ = {
			isa = PBXNativeTarget;
			buildConfigurationList = FDD73D22219D054000CF24B1 /* Build configuration list for PBXNativeTarget "SwiftyFitsize_OCTests" */;
			buildPhases = (
				FDD73D05219D054000CF24B1 /* Sources */,
				FDD73D06219D054000CF24B1 /* Frameworks */,
				FDD73D07219D054000CF24B1 /* Resources */,
			);
			buildRules = (
			);
			dependencies = (
				FDD73D0B219D054000CF24B1 /* PBXTargetDependency */,
			);
			name = SwiftyFitsize_OCTests;
			productName = "SwiftyFitsize-OCTests";
			productReference = FDD73D09219D054000CF24B1 /* SwiftyFitsize_OCTests.xctest */;
			productType = "com.apple.product-type.bundle.unit-test";
		};
		FDD73D13219D054000CF24B1 /* SwiftyFitsize_OCUITests */ = {
			isa = PBXNativeTarget;
			buildConfigurationList = FDD73D23219D054000CF24B1 /* Build configuration list for PBXNativeTarget "SwiftyFitsize_OCUITests" */;
			buildPhases = (
				FDD73D10219D054000CF24B1 /* Sources */,
				FDD73D11219D054000CF24B1 /* Frameworks */,
				FDD73D12219D054000CF24B1 /* Resources */,
			);
			buildRules = (
			);
			dependencies = (
				FDD73D16219D054000CF24B1 /* PBXTargetDependency */,
			);
			name = SwiftyFitsize_OCUITests;
			productName = "SwiftyFitsize-OCUITests";
			productReference = FDD73D14219D054000CF24B1 /* SwiftyFitsize_OCUITests.xctest */;
			productType = "com.apple.product-type.bundle.ui-testing";
		};
/* End PBXNativeTarget section */

/* Begin PBXProject section */
		607FACC81AFB9204008FA782 /* Project object */ = {
			isa = PBXProject;
			attributes = {
				LastSwiftUpdateCheck = 1250;
				LastUpgradeCheck = 0830;
				ORGANIZATIONNAME = CocoaPods;
				TargetAttributes = {
					607FACCF1AFB9204008FA782 = {
						CreatedOnToolsVersion = 6.3.1;
						LastSwiftMigration = 0900;
					};
					607FACE41AFB9204008FA782 = {
						CreatedOnToolsVersion = 6.3.1;
						LastSwiftMigration = 0900;
						TestTargetID = 607FACCF1AFB9204008FA782;
					};
					FDC4F7B226D6901F002D67AE = {
						CreatedOnToolsVersion = 12.5.1;
						DevelopmentTeam = 2RA5LSHPUJ;
						ProvisioningStyle = Automatic;
					};
					FDD73CF1219D053F00CF24B1 = {
						CreatedOnToolsVersion = 10.0;
						LastSwiftMigration = 1000;
						ProvisioningStyle = Automatic;
					};
					FDD73D08219D054000CF24B1 = {
						CreatedOnToolsVersion = 10.0;
						ProvisioningStyle = Automatic;
						TestTargetID = FDD73CF1219D053F00CF24B1;
					};
					FDD73D13219D054000CF24B1 = {
						CreatedOnToolsVersion = 10.0;
						ProvisioningStyle = Automatic;
						TestTargetID = FDD73CF1219D053F00CF24B1;
					};
				};
			};
			buildConfigurationList = 607FACCB1AFB9204008FA782 /* Build configuration list for PBXProject "SwiftyFitsizePackage" */;
			compatibilityVersion = "Xcode 3.2";
			developmentRegion = English;
			hasScannedForEncodings = 0;
			knownRegions = (
				English,
				en,
				Base,
			);
			mainGroup = 607FACC71AFB9204008FA782;
			packageReferences = (
				FD46E45C2864C3D000C80FDF /* XCRemoteSwiftPackageReference "SnapKit" */,
			);
			productRefGroup = 607FACD11AFB9204008FA782 /* Products */;
			projectDirPath = "";
			projectRoot = "";
			targets = (
				607FACCF1AFB9204008FA782 /* SwiftyFitsize_Swift */,
				607FACE41AFB9204008FA782 /* SwiftyFitsize_SwiftTests */,
				FDD73CF1219D053F00CF24B1 /* SwiftyFitsize_OC */,
				FDD73D08219D054000CF24B1 /* SwiftyFitsize_OCTests */,
				FDD73D13219D054000CF24B1 /* SwiftyFitsize_OCUITests */,
				FDC4F7B226D6901F002D67AE /* SwiftyFitsize_Scene */,
			);
		};
/* End PBXProject section */

/* Begin PBXResourcesBuildPhase section */
		607FACCE1AFB9204008FA782 /* Resources */ = {
			isa = PBXResourcesBuildPhase;
			buildActionMask = 2147483647;
			files = (
				FDD73D49219D077C00CF24B1 /* Main.storyboard in Resources */,
				FDD73D4A219D077C00CF24B1 /* Images.xcassets in Resources */,
				FDD73D48219D077C00CF24B1 /* LaunchScreen.xib in Resources */,
				FDD73D46219D077C00CF24B1 /* FitsizeView.xib in Resources */,
			);
			runOnlyForDeploymentPostprocessing = 0;
		};
		607FACE31AFB9204008FA782 /* Resources */ = {
			isa = PBXResourcesBuildPhase;
			buildActionMask = 2147483647;
			files = (
			);
			runOnlyForDeploymentPostprocessing = 0;
		};
		FDC4F7B126D6901F002D67AE /* Resources */ = {
			isa = PBXResourcesBuildPhase;
			buildActionMask = 2147483647;
			files = (
				FDC4F7C226D69021002D67AE /* LaunchScreen.storyboard in Resources */,
				FDC4F7BF26D69021002D67AE /* Assets.xcassets in Resources */,
				FDC4F7BD26D6901F002D67AE /* Main.storyboard in Resources */,
			);
			runOnlyForDeploymentPostprocessing = 0;
		};
		FDD73CF0219D053F00CF24B1 /* Resources */ = {
			isa = PBXResourcesBuildPhase;
			buildActionMask = 2147483647;
			files = (
				FDD73D01219D054000CF24B1 /* LaunchScreen.storyboard in Resources */,
				FDD73CFE219D054000CF24B1 /* Assets.xcassets in Resources */,
				FDD73CFC219D053F00CF24B1 /* Main.storyboard in Resources */,
			);
			runOnlyForDeploymentPostprocessing = 0;
		};
		FDD73D07219D054000CF24B1 /* Resources */ = {
			isa = PBXResourcesBuildPhase;
			buildActionMask = 2147483647;
			files = (
			);
			runOnlyForDeploymentPostprocessing = 0;
		};
		FDD73D12219D054000CF24B1 /* Resources */ = {
			isa = PBXResourcesBuildPhase;
			buildActionMask = 2147483647;
			files = (
			);
			runOnlyForDeploymentPostprocessing = 0;
		};
/* End PBXResourcesBuildPhase section */

/* Begin PBXShellScriptBuildPhase section */
		0865B48E833D605A20E6027D /* [CP] Check Pods Manifest.lock */ = {
			isa = PBXShellScriptBuildPhase;
			buildActionMask = 2147483647;
			files = (
			);
			inputFileListPaths = (
			);
			inputPaths = (
				"${PODS_PODFILE_DIR_PATH}/Podfile.lock",
				"${PODS_ROOT}/Manifest.lock",
			);
			name = "[CP] Check Pods Manifest.lock";
			outputFileListPaths = (
			);
			outputPaths = (
				"$(DERIVED_FILE_DIR)/Pods-SwiftyFitsize_SwiftTests-checkManifestLockResult.txt",
			);
			runOnlyForDeploymentPostprocessing = 0;
			shellPath = /bin/sh;
			shellScript = "diff \"${PODS_PODFILE_DIR_PATH}/Podfile.lock\" \"${PODS_ROOT}/Manifest.lock\" > /dev/null\nif [ $? != 0 ] ; then\n    # print error to STDERR\n    echo \"error: The sandbox is not in sync with the Podfile.lock. Run 'pod install' or update your CocoaPods installation.\" >&2\n    exit 1\nfi\n# This output is used by Xcode 'outputs' to avoid re-running this script phase.\necho \"SUCCESS\" > \"${SCRIPT_OUTPUT_FILE_0}\"\n";
			showEnvVarsInLog = 0;
		};
/* End PBXShellScriptBuildPhase section */

/* Begin PBXSourcesBuildPhase section */
		607FACCC1AFB9204008FA782 /* Sources */ = {
			isa = PBXSourcesBuildPhase;
			buildActionMask = 2147483647;
			files = (
				FDD73D4B219D077C00CF24B1 /* AppDelegate.swift in Sources */,
				FDD73D45219D077C00CF24B1 /* ViewController.swift in Sources */,
				FD58D9A825792722003270C8 /* LandscapeViewController.swift in Sources */,
				FDD73D47219D077C00CF24B1 /* FitsizeView.swift in Sources */,
				FD58D9FA257B4EB0003270C8 /* PortraitViewController.swift in Sources */,
			);
			runOnlyForDeploymentPostprocessing = 0;
		};
		607FACE11AFB9204008FA782 /* Sources */ = {
			isa = PBXSourcesBuildPhase;
			buildActionMask = 2147483647;
			files = (
				607FACEC1AFB9204008FA782 /* Tests.swift in Sources */,
			);
			runOnlyForDeploymentPostprocessing = 0;
		};
		FDC4F7AF26D6901F002D67AE /* Sources */ = {
			isa = PBXSourcesBuildPhase;
			buildActionMask = 2147483647;
			files = (
				FDC4F7BA26D6901F002D67AE /* ViewController.swift in Sources */,
				FDC4F7B626D6901F002D67AE /* AppDelegate.swift in Sources */,
				FDC4F7B826D6901F002D67AE /* SceneDelegate.swift in Sources */,
			);
			runOnlyForDeploymentPostprocessing = 0;
		};
		FDD73CEE219D053F00CF24B1 /* Sources */ = {
			isa = PBXSourcesBuildPhase;
			buildActionMask = 2147483647;
			files = (
				FDD73CF9219D053F00CF24B1 /* ViewController.m in Sources */,
				FDD73D04219D054000CF24B1 /* main.m in Sources */,
				FDD73CF6219D053F00CF24B1 /* AppDelegate.m in Sources */,
			);
			runOnlyForDeploymentPostprocessing = 0;
		};
		FDD73D05219D054000CF24B1 /* Sources */ = {
			isa = PBXSourcesBuildPhase;
			buildActionMask = 2147483647;
			files = (
				FDD73D0E219D054000CF24B1 /* SwiftyFitsize_OCTests.m in Sources */,
			);
			runOnlyForDeploymentPostprocessing = 0;
		};
		FDD73D10219D054000CF24B1 /* Sources */ = {
			isa = PBXSourcesBuildPhase;
			buildActionMask = 2147483647;
			files = (
				FDD73D19219D054000CF24B1 /* SwiftyFitsize_OCUITests.m in Sources */,
			);
			runOnlyForDeploymentPostprocessing = 0;
		};
/* End PBXSourcesBuildPhase section */

/* Begin PBXTargetDependency section */
		607FACE71AFB9204008FA782 /* PBXTargetDependency */ = {
			isa = PBXTargetDependency;
			target = 607FACCF1AFB9204008FA782 /* SwiftyFitsize_Swift */;
			targetProxy = 607FACE61AFB9204008FA782 /* PBXContainerItemProxy */;
		};
		FDD73D0B219D054000CF24B1 /* PBXTargetDependency */ = {
			isa = PBXTargetDependency;
			target = FDD73CF1219D053F00CF24B1 /* SwiftyFitsize_OC */;
			targetProxy = FDD73D0A219D054000CF24B1 /* PBXContainerItemProxy */;
		};
		FDD73D16219D054000CF24B1 /* PBXTargetDependency */ = {
			isa = PBXTargetDependency;
			target = FDD73CF1219D053F00CF24B1 /* SwiftyFitsize_OC */;
			targetProxy = FDD73D15219D054000CF24B1 /* PBXContainerItemProxy */;
		};
/* End PBXTargetDependency section */

/* Begin PBXVariantGroup section */
		FDC4F7BB26D6901F002D67AE /* Main.storyboard */ = {
			isa = PBXVariantGroup;
			children = (
				FDC4F7BC26D6901F002D67AE /* Base */,
			);
			name = Main.storyboard;
			sourceTree = "<group>";
		};
		FDC4F7C026D69021002D67AE /* LaunchScreen.storyboard */ = {
			isa = PBXVariantGroup;
			children = (
				FDC4F7C126D69021002D67AE /* Base */,
			);
			name = LaunchScreen.storyboard;
			sourceTree = "<group>";
		};
		FDD73CFA219D053F00CF24B1 /* Main.storyboard */ = {
			isa = PBXVariantGroup;
			children = (
				FDD73CFB219D053F00CF24B1 /* Base */,
			);
			name = Main.storyboard;
			sourceTree = "<group>";
		};
		FDD73CFF219D054000CF24B1 /* LaunchScreen.storyboard */ = {
			isa = PBXVariantGroup;
			children = (
				FDD73D00219D054000CF24B1 /* Base */,
			);
			name = LaunchScreen.storyboard;
			sourceTree = "<group>";
		};
		FDD73D3E219D077C00CF24B1 /* LaunchScreen.xib */ = {
			isa = PBXVariantGroup;
			children = (
				FDD73D3F219D077C00CF24B1 /* Base */,
			);
			name = LaunchScreen.xib;
			sourceTree = "<group>";
		};
		FDD73D40219D077C00CF24B1 /* Main.storyboard */ = {
			isa = PBXVariantGroup;
			children = (
				FDD73D41219D077C00CF24B1 /* Base */,
			);
			name = Main.storyboard;
			sourceTree = "<group>";
		};
/* End PBXVariantGroup section */

/* Begin XCBuildConfiguration section */
		607FACED1AFB9204008FA782 /* Debug */ = {
			isa = XCBuildConfiguration;
			buildSettings = {
				ALWAYS_SEARCH_USER_PATHS = NO;
				CLANG_CXX_LANGUAGE_STANDARD = "gnu++0x";
				CLANG_CXX_LIBRARY = "libc++";
				CLANG_ENABLE_MODULES = YES;
				CLANG_ENABLE_OBJC_ARC = YES;
				CLANG_WARN_BLOCK_CAPTURE_AUTORELEASING = YES;
				CLANG_WARN_BOOL_CONVERSION = YES;
				CLANG_WARN_COMMA = YES;
				CLANG_WARN_CONSTANT_CONVERSION = YES;
				CLANG_WARN_DIRECT_OBJC_ISA_USAGE = YES_ERROR;
				CLANG_WARN_EMPTY_BODY = YES;
				CLANG_WARN_ENUM_CONVERSION = YES;
				CLANG_WARN_INFINITE_RECURSION = YES;
				CLANG_WARN_INT_CONVERSION = YES;
				CLANG_WARN_NON_LITERAL_NULL_CONVERSION = YES;
				CLANG_WARN_OBJC_LITERAL_CONVERSION = YES;
				CLANG_WARN_OBJC_ROOT_CLASS = YES_ERROR;
				CLANG_WARN_RANGE_LOOP_ANALYSIS = YES;
				CLANG_WARN_STRICT_PROTOTYPES = YES;
				CLANG_WARN_SUSPICIOUS_MOVE = YES;
				CLANG_WARN_UNREACHABLE_CODE = YES;
				CLANG_WARN__DUPLICATE_METHOD_MATCH = YES;
				"CODE_SIGN_IDENTITY[sdk=iphoneos*]" = "iPhone Developer";
				COPY_PHASE_STRIP = NO;
				DEBUG_INFORMATION_FORMAT = "dwarf-with-dsym";
				ENABLE_STRICT_OBJC_MSGSEND = YES;
				ENABLE_TESTABILITY = YES;
				GCC_C_LANGUAGE_STANDARD = gnu99;
				GCC_DYNAMIC_NO_PIC = NO;
				GCC_NO_COMMON_BLOCKS = YES;
				GCC_OPTIMIZATION_LEVEL = 0;
				GCC_PREPROCESSOR_DEFINITIONS = (
					"DEBUG=1",
					"$(inherited)",
				);
				GCC_SYMBOLS_PRIVATE_EXTERN = NO;
				GCC_WARN_64_TO_32_BIT_CONVERSION = YES;
				GCC_WARN_ABOUT_RETURN_TYPE = YES_ERROR;
				GCC_WARN_UNDECLARED_SELECTOR = YES;
				GCC_WARN_UNINITIALIZED_AUTOS = YES_AGGRESSIVE;
				GCC_WARN_UNUSED_FUNCTION = YES;
				GCC_WARN_UNUSED_VARIABLE = YES;
				IPHONEOS_DEPLOYMENT_TARGET = 9.0;
				MTL_ENABLE_DEBUG_INFO = YES;
				ONLY_ACTIVE_ARCH = YES;
				SDKROOT = iphoneos;
				SWIFT_OPTIMIZATION_LEVEL = "-Onone";
			};
			name = Debug;
		};
		607FACEE1AFB9204008FA782 /* Release */ = {
			isa = XCBuildConfiguration;
			buildSettings = {
				ALWAYS_SEARCH_USER_PATHS = NO;
				CLANG_CXX_LANGUAGE_STANDARD = "gnu++0x";
				CLANG_CXX_LIBRARY = "libc++";
				CLANG_ENABLE_MODULES = YES;
				CLANG_ENABLE_OBJC_ARC = YES;
				CLANG_WARN_BLOCK_CAPTURE_AUTORELEASING = YES;
				CLANG_WARN_BOOL_CONVERSION = YES;
				CLANG_WARN_COMMA = YES;
				CLANG_WARN_CONSTANT_CONVERSION = YES;
				CLANG_WARN_DIRECT_OBJC_ISA_USAGE = YES_ERROR;
				CLANG_WARN_EMPTY_BODY = YES;
				CLANG_WARN_ENUM_CONVERSION = YES;
				CLANG_WARN_INFINITE_RECURSION = YES;
				CLANG_WARN_INT_CONVERSION = YES;
				CLANG_WARN_NON_LITERAL_NULL_CONVERSION = YES;
				CLANG_WARN_OBJC_LITERAL_CONVERSION = YES;
				CLANG_WARN_OBJC_ROOT_CLASS = YES_ERROR;
				CLANG_WARN_RANGE_LOOP_ANALYSIS = YES;
				CLANG_WARN_STRICT_PROTOTYPES = YES;
				CLANG_WARN_SUSPICIOUS_MOVE = YES;
				CLANG_WARN_UNREACHABLE_CODE = YES;
				CLANG_WARN__DUPLICATE_METHOD_MATCH = YES;
				"CODE_SIGN_IDENTITY[sdk=iphoneos*]" = "iPhone Developer";
				COPY_PHASE_STRIP = NO;
				DEBUG_INFORMATION_FORMAT = "dwarf-with-dsym";
				ENABLE_NS_ASSERTIONS = NO;
				ENABLE_STRICT_OBJC_MSGSEND = YES;
				GCC_C_LANGUAGE_STANDARD = gnu99;
				GCC_NO_COMMON_BLOCKS = YES;
				GCC_WARN_64_TO_32_BIT_CONVERSION = YES;
				GCC_WARN_ABOUT_RETURN_TYPE = YES_ERROR;
				GCC_WARN_UNDECLARED_SELECTOR = YES;
				GCC_WARN_UNINITIALIZED_AUTOS = YES_AGGRESSIVE;
				GCC_WARN_UNUSED_FUNCTION = YES;
				GCC_WARN_UNUSED_VARIABLE = YES;
				IPHONEOS_DEPLOYMENT_TARGET = 9.0;
				MTL_ENABLE_DEBUG_INFO = NO;
				SDKROOT = iphoneos;
				SWIFT_COMPILATION_MODE = wholemodule;
				SWIFT_OPTIMIZATION_LEVEL = "-O";
				VALIDATE_PRODUCT = YES;
			};
			name = Release;
		};
		607FACF01AFB9204008FA782 /* Debug */ = {
			isa = XCBuildConfiguration;
			buildSettings = {
				ASSETCATALOG_COMPILER_APPICON_NAME = AppIcon;
				INFOPLIST_FILE = Swift/SwiftyFitsize/Info.plist;
				IPHONEOS_DEPLOYMENT_TARGET = 10.0;
				LD_RUNPATH_SEARCH_PATHS = (
					"$(inherited)",
					"@executable_path/Frameworks",
				);
				MODULE_NAME = ExampleApp;
				PRODUCT_BUNDLE_IDENTIFIER = "org.cocoapods.demo.$(PRODUCT_NAME:rfc1034identifier)";
				PRODUCT_NAME = "$(TARGET_NAME)";
				SWIFT_SWIFT3_OBJC_INFERENCE = Default;
				SWIFT_VERSION = 5.0;
				TARGETED_DEVICE_FAMILY = "1,2";
			};
			name = Debug;
		};
		607FACF11AFB9204008FA782 /* Release */ = {
			isa = XCBuildConfiguration;
			buildSettings = {
				ASSETCATALOG_COMPILER_APPICON_NAME = AppIcon;
				INFOPLIST_FILE = Swift/SwiftyFitsize/Info.plist;
				IPHONEOS_DEPLOYMENT_TARGET = 10.0;
				LD_RUNPATH_SEARCH_PATHS = (
					"$(inherited)",
					"@executable_path/Frameworks",
				);
				MODULE_NAME = ExampleApp;
				PRODUCT_BUNDLE_IDENTIFIER = "org.cocoapods.demo.$(PRODUCT_NAME:rfc1034identifier)";
				PRODUCT_NAME = "$(TARGET_NAME)";
				SWIFT_SWIFT3_OBJC_INFERENCE = Default;
				SWIFT_VERSION = 5.0;
				TARGETED_DEVICE_FAMILY = "1,2";
			};
			name = Release;
		};
		607FACF31AFB9204008FA782 /* Debug */ = {
			isa = XCBuildConfiguration;
			buildSettings = {
				ALWAYS_EMBED_SWIFT_STANDARD_LIBRARIES = YES;
				FRAMEWORK_SEARCH_PATHS = (
					"$(SDKROOT)/Developer/Library/Frameworks",
					"$(inherited)",
				);
				GCC_PREPROCESSOR_DEFINITIONS = (
					"DEBUG=1",
					"$(inherited)",
				);
				INFOPLIST_FILE = Swift/Tests/Info.plist;
				LD_RUNPATH_SEARCH_PATHS = (
					"$(inherited)",
					"@executable_path/Frameworks",
					"@loader_path/Frameworks",
				);
				PRODUCT_BUNDLE_IDENTIFIER = "org.cocoapods.$(PRODUCT_NAME:rfc1034identifier)";
				PRODUCT_NAME = "$(TARGET_NAME)";
				SWIFT_SWIFT3_OBJC_INFERENCE = Default;
				SWIFT_VERSION = 4.0;
				TEST_HOST = "$(BUILT_PRODUCTS_DIR)/SwiftyFitsize_Example.app/SwiftyFitsize_Example";
			};
			name = Debug;
		};
		607FACF41AFB9204008FA782 /* Release */ = {
			isa = XCBuildConfiguration;
			buildSettings = {
				ALWAYS_EMBED_SWIFT_STANDARD_LIBRARIES = YES;
				FRAMEWORK_SEARCH_PATHS = (
					"$(SDKROOT)/Developer/Library/Frameworks",
					"$(inherited)",
				);
				INFOPLIST_FILE = Swift/Tests/Info.plist;
				LD_RUNPATH_SEARCH_PATHS = (
					"$(inherited)",
					"@executable_path/Frameworks",
					"@loader_path/Frameworks",
				);
				PRODUCT_BUNDLE_IDENTIFIER = "org.cocoapods.$(PRODUCT_NAME:rfc1034identifier)";
				PRODUCT_NAME = "$(TARGET_NAME)";
				SWIFT_SWIFT3_OBJC_INFERENCE = Default;
				SWIFT_VERSION = 4.0;
				TEST_HOST = "$(BUILT_PRODUCTS_DIR)/SwiftyFitsize_Example.app/SwiftyFitsize_Example";
			};
			name = Release;
		};
		FDC4F7C426D69021002D67AE /* Debug */ = {
			isa = XCBuildConfiguration;
			buildSettings = {
				ASSETCATALOG_COMPILER_APPICON_NAME = AppIcon;
				ASSETCATALOG_COMPILER_GLOBAL_ACCENT_COLOR_NAME = AccentColor;
				CLANG_ANALYZER_NONNULL = YES;
				CLANG_ANALYZER_NUMBER_OBJECT_CONVERSION = YES_AGGRESSIVE;
				CLANG_CXX_LANGUAGE_STANDARD = "gnu++14";
				CLANG_ENABLE_OBJC_WEAK = YES;
				CLANG_WARN_DEPRECATED_OBJC_IMPLEMENTATIONS = YES;
				CLANG_WARN_DOCUMENTATION_COMMENTS = YES;
				CLANG_WARN_OBJC_IMPLICIT_RETAIN_SELF = YES;
				CLANG_WARN_QUOTED_INCLUDE_IN_FRAMEWORK_HEADER = YES;
				CLANG_WARN_UNGUARDED_AVAILABILITY = YES_AGGRESSIVE;
				CODE_SIGN_STYLE = Automatic;
				DEBUG_INFORMATION_FORMAT = dwarf;
				DEVELOPMENT_TEAM = 2RA5LSHPUJ;
				GCC_C_LANGUAGE_STANDARD = gnu11;
				INFOPLIST_FILE = "$(SRCROOT)/Scene/Info.plist";
				IPHONEOS_DEPLOYMENT_TARGET = 14.5;
				LD_RUNPATH_SEARCH_PATHS = (
					"$(inherited)",
					"@executable_path/Frameworks",
				);
				MTL_ENABLE_DEBUG_INFO = INCLUDE_SOURCE;
				MTL_FAST_MATH = YES;
				PRODUCT_BUNDLE_IDENTIFIER = "com.lxf.SwiftyFitsize-Scene";
				PRODUCT_NAME = "$(TARGET_NAME)";
				SWIFT_ACTIVE_COMPILATION_CONDITIONS = DEBUG;
				SWIFT_VERSION = 5.0;
				TARGETED_DEVICE_FAMILY = 1;
			};
			name = Debug;
		};
		FDC4F7C526D69021002D67AE /* Release */ = {
			isa = XCBuildConfiguration;
			buildSettings = {
				ASSETCATALOG_COMPILER_APPICON_NAME = AppIcon;
				ASSETCATALOG_COMPILER_GLOBAL_ACCENT_COLOR_NAME = AccentColor;
				CLANG_ANALYZER_NONNULL = YES;
				CLANG_ANALYZER_NUMBER_OBJECT_CONVERSION = YES_AGGRESSIVE;
				CLANG_CXX_LANGUAGE_STANDARD = "gnu++14";
				CLANG_ENABLE_OBJC_WEAK = YES;
				CLANG_WARN_DEPRECATED_OBJC_IMPLEMENTATIONS = YES;
				CLANG_WARN_DOCUMENTATION_COMMENTS = YES;
				CLANG_WARN_OBJC_IMPLICIT_RETAIN_SELF = YES;
				CLANG_WARN_QUOTED_INCLUDE_IN_FRAMEWORK_HEADER = YES;
				CLANG_WARN_UNGUARDED_AVAILABILITY = YES_AGGRESSIVE;
				CODE_SIGN_STYLE = Automatic;
				DEVELOPMENT_TEAM = 2RA5LSHPUJ;
				GCC_C_LANGUAGE_STANDARD = gnu11;
				INFOPLIST_FILE = "$(SRCROOT)/Scene/Info.plist";
				IPHONEOS_DEPLOYMENT_TARGET = 14.5;
				LD_RUNPATH_SEARCH_PATHS = (
					"$(inherited)",
					"@executable_path/Frameworks",
				);
				MTL_FAST_MATH = YES;
				PRODUCT_BUNDLE_IDENTIFIER = "com.lxf.SwiftyFitsize-Scene";
				PRODUCT_NAME = "$(TARGET_NAME)";
				SWIFT_VERSION = 5.0;
				TARGETED_DEVICE_FAMILY = 1;
			};
			name = Release;
		};
		FDD73D1B219D054000CF24B1 /* Debug */ = {
			isa = XCBuildConfiguration;
			buildSettings = {
				ASSETCATALOG_COMPILER_APPICON_NAME = AppIcon;
				CLANG_ANALYZER_NONNULL = YES;
				CLANG_ANALYZER_NUMBER_OBJECT_CONVERSION = YES_AGGRESSIVE;
				CLANG_CXX_LANGUAGE_STANDARD = "gnu++14";
				CLANG_ENABLE_MODULES = YES;
				CLANG_ENABLE_OBJC_WEAK = YES;
				CLANG_WARN_DEPRECATED_OBJC_IMPLEMENTATIONS = YES;
				CLANG_WARN_DOCUMENTATION_COMMENTS = YES;
				CLANG_WARN_OBJC_IMPLICIT_RETAIN_SELF = YES;
				CLANG_WARN_UNGUARDED_AVAILABILITY = YES_AGGRESSIVE;
				CODE_SIGN_IDENTITY = "iPhone Developer";
				CODE_SIGN_STYLE = Automatic;
				DEBUG_INFORMATION_FORMAT = dwarf;
				GCC_C_LANGUAGE_STANDARD = gnu11;
				GCC_PREPROCESSOR_DEFINITIONS = (
					"DEBUG=1",
					"$(inherited)",
					"LXF_SWIFT_PACKAGE=1",
				);
				INFOPLIST_FILE = OC/SwiftyFitsize/Info.plist;
				IPHONEOS_DEPLOYMENT_TARGET = 9.0;
				LD_RUNPATH_SEARCH_PATHS = (
					"$(inherited)",
					"@executable_path/Frameworks",
				);
				MTL_ENABLE_DEBUG_INFO = INCLUDE_SOURCE;
				MTL_FAST_MATH = YES;
				PRODUCT_BUNDLE_IDENTIFIER = "com.lxf.SwiftyFitsize-OC";
				PRODUCT_NAME = "$(TARGET_NAME)";
				SWIFT_OBJC_BRIDGING_HEADER = "";
				SWIFT_OPTIMIZATION_LEVEL = "-Onone";
				SWIFT_VERSION = 4.2;
				TARGETED_DEVICE_FAMILY = "1,2";
			};
			name = Debug;
		};
		FDD73D1C219D054000CF24B1 /* Release */ = {
			isa = XCBuildConfiguration;
			buildSettings = {
				ASSETCATALOG_COMPILER_APPICON_NAME = AppIcon;
				CLANG_ANALYZER_NONNULL = YES;
				CLANG_ANALYZER_NUMBER_OBJECT_CONVERSION = YES_AGGRESSIVE;
				CLANG_CXX_LANGUAGE_STANDARD = "gnu++14";
				CLANG_ENABLE_MODULES = YES;
				CLANG_ENABLE_OBJC_WEAK = YES;
				CLANG_WARN_DEPRECATED_OBJC_IMPLEMENTATIONS = YES;
				CLANG_WARN_DOCUMENTATION_COMMENTS = YES;
				CLANG_WARN_OBJC_IMPLICIT_RETAIN_SELF = YES;
				CLANG_WARN_UNGUARDED_AVAILABILITY = YES_AGGRESSIVE;
				CODE_SIGN_IDENTITY = "iPhone Developer";
				CODE_SIGN_STYLE = Automatic;
				GCC_C_LANGUAGE_STANDARD = gnu11;
				GCC_PREPROCESSOR_DEFINITIONS = "LXF_SWIFT_PACKAGE=1";
				INFOPLIST_FILE = OC/SwiftyFitsize/Info.plist;
				IPHONEOS_DEPLOYMENT_TARGET = 9.0;
				LD_RUNPATH_SEARCH_PATHS = (
					"$(inherited)",
					"@executable_path/Frameworks",
				);
				MTL_FAST_MATH = YES;
				PRODUCT_BUNDLE_IDENTIFIER = "com.lxf.SwiftyFitsize-OC";
				PRODUCT_NAME = "$(TARGET_NAME)";
				SWIFT_OBJC_BRIDGING_HEADER = "";
				SWIFT_VERSION = 4.2;
				TARGETED_DEVICE_FAMILY = "1,2";
			};
			name = Release;
		};
		FDD73D1D219D054000CF24B1 /* Debug */ = {
			isa = XCBuildConfiguration;
			buildSettings = {
				BUNDLE_LOADER = "$(TEST_HOST)";
				CLANG_ANALYZER_NONNULL = YES;
				CLANG_ANALYZER_NUMBER_OBJECT_CONVERSION = YES_AGGRESSIVE;
				CLANG_CXX_LANGUAGE_STANDARD = "gnu++14";
				CLANG_ENABLE_OBJC_WEAK = YES;
				CLANG_WARN_DEPRECATED_OBJC_IMPLEMENTATIONS = YES;
				CLANG_WARN_DOCUMENTATION_COMMENTS = YES;
				CLANG_WARN_OBJC_IMPLICIT_RETAIN_SELF = YES;
				CLANG_WARN_UNGUARDED_AVAILABILITY = YES_AGGRESSIVE;
				CODE_SIGN_IDENTITY = "iPhone Developer";
				CODE_SIGN_STYLE = Automatic;
				DEBUG_INFORMATION_FORMAT = dwarf;
				GCC_C_LANGUAGE_STANDARD = gnu11;
				INFOPLIST_FILE = OC/Tests/Info.plist;
				IPHONEOS_DEPLOYMENT_TARGET = 12.0;
				LD_RUNPATH_SEARCH_PATHS = (
					"$(inherited)",
					"@executable_path/Frameworks",
					"@loader_path/Frameworks",
				);
				MTL_ENABLE_DEBUG_INFO = INCLUDE_SOURCE;
				MTL_FAST_MATH = YES;
				PRODUCT_BUNDLE_IDENTIFIER = "com.lxf.SwiftyFitsize-OCTests";
				PRODUCT_NAME = "$(TARGET_NAME)";
				TARGETED_DEVICE_FAMILY = "1,2";
				TEST_HOST = "$(BUILT_PRODUCTS_DIR)/SwiftyFitsize-OC.app/SwiftyFitsize-OC";
			};
			name = Debug;
		};
		FDD73D1E219D054000CF24B1 /* Release */ = {
			isa = XCBuildConfiguration;
			buildSettings = {
				BUNDLE_LOADER = "$(TEST_HOST)";
				CLANG_ANALYZER_NONNULL = YES;
				CLANG_ANALYZER_NUMBER_OBJECT_CONVERSION = YES_AGGRESSIVE;
				CLANG_CXX_LANGUAGE_STANDARD = "gnu++14";
				CLANG_ENABLE_OBJC_WEAK = YES;
				CLANG_WARN_DEPRECATED_OBJC_IMPLEMENTATIONS = YES;
				CLANG_WARN_DOCUMENTATION_COMMENTS = YES;
				CLANG_WARN_OBJC_IMPLICIT_RETAIN_SELF = YES;
				CLANG_WARN_UNGUARDED_AVAILABILITY = YES_AGGRESSIVE;
				CODE_SIGN_IDENTITY = "iPhone Developer";
				CODE_SIGN_STYLE = Automatic;
				GCC_C_LANGUAGE_STANDARD = gnu11;
				INFOPLIST_FILE = OC/Tests/Info.plist;
				IPHONEOS_DEPLOYMENT_TARGET = 12.0;
				LD_RUNPATH_SEARCH_PATHS = (
					"$(inherited)",
					"@executable_path/Frameworks",
					"@loader_path/Frameworks",
				);
				MTL_FAST_MATH = YES;
				PRODUCT_BUNDLE_IDENTIFIER = "com.lxf.SwiftyFitsize-OCTests";
				PRODUCT_NAME = "$(TARGET_NAME)";
				TARGETED_DEVICE_FAMILY = "1,2";
				TEST_HOST = "$(BUILT_PRODUCTS_DIR)/SwiftyFitsize-OC.app/SwiftyFitsize-OC";
			};
			name = Release;
		};
		FDD73D1F219D054000CF24B1 /* Debug */ = {
			isa = XCBuildConfiguration;
			buildSettings = {
				CLANG_ANALYZER_NONNULL = YES;
				CLANG_ANALYZER_NUMBER_OBJECT_CONVERSION = YES_AGGRESSIVE;
				CLANG_CXX_LANGUAGE_STANDARD = "gnu++14";
				CLANG_ENABLE_OBJC_WEAK = YES;
				CLANG_WARN_DEPRECATED_OBJC_IMPLEMENTATIONS = YES;
				CLANG_WARN_DOCUMENTATION_COMMENTS = YES;
				CLANG_WARN_OBJC_IMPLICIT_RETAIN_SELF = YES;
				CLANG_WARN_UNGUARDED_AVAILABILITY = YES_AGGRESSIVE;
				CODE_SIGN_IDENTITY = "iPhone Developer";
				CODE_SIGN_STYLE = Automatic;
				DEBUG_INFORMATION_FORMAT = dwarf;
				GCC_C_LANGUAGE_STANDARD = gnu11;
				INFOPLIST_FILE = OC/UITests/Info.plist;
				IPHONEOS_DEPLOYMENT_TARGET = 12.0;
				LD_RUNPATH_SEARCH_PATHS = (
					"$(inherited)",
					"@executable_path/Frameworks",
					"@loader_path/Frameworks",
				);
				MTL_ENABLE_DEBUG_INFO = INCLUDE_SOURCE;
				MTL_FAST_MATH = YES;
				PRODUCT_BUNDLE_IDENTIFIER = "com.lxf.SwiftyFitsize-OCUITests";
				PRODUCT_NAME = "$(TARGET_NAME)";
				TARGETED_DEVICE_FAMILY = "1,2";
				TEST_TARGET_NAME = "SwiftyFitsize-OC";
			};
			name = Debug;
		};
		FDD73D20219D054000CF24B1 /* Release */ = {
			isa = XCBuildConfiguration;
			buildSettings = {
				CLANG_ANALYZER_NONNULL = YES;
				CLANG_ANALYZER_NUMBER_OBJECT_CONVERSION = YES_AGGRESSIVE;
				CLANG_CXX_LANGUAGE_STANDARD = "gnu++14";
				CLANG_ENABLE_OBJC_WEAK = YES;
				CLANG_WARN_DEPRECATED_OBJC_IMPLEMENTATIONS = YES;
				CLANG_WARN_DOCUMENTATION_COMMENTS = YES;
				CLANG_WARN_OBJC_IMPLICIT_RETAIN_SELF = YES;
				CLANG_WARN_UNGUARDED_AVAILABILITY = YES_AGGRESSIVE;
				CODE_SIGN_IDENTITY = "iPhone Developer";
				CODE_SIGN_STYLE = Automatic;
				GCC_C_LANGUAGE_STANDARD = gnu11;
				INFOPLIST_FILE = OC/UITests/Info.plist;
				IPHONEOS_DEPLOYMENT_TARGET = 12.0;
				LD_RUNPATH_SEARCH_PATHS = (
					"$(inherited)",
					"@executable_path/Frameworks",
					"@loader_path/Frameworks",
				);
				MTL_FAST_MATH = YES;
				PRODUCT_BUNDLE_IDENTIFIER = "com.lxf.SwiftyFitsize-OCUITests";
				PRODUCT_NAME = "$(TARGET_NAME)";
				TARGETED_DEVICE_FAMILY = "1,2";
				TEST_TARGET_NAME = "SwiftyFitsize-OC";
			};
			name = Release;
		};
/* End XCBuildConfiguration section */

/* Begin XCConfigurationList section */
		607FACCB1AFB9204008FA782 /* Build configuration list for PBXProject "SwiftyFitsizePackage" */ = {
			isa = XCConfigurationList;
			buildConfigurations = (
				607FACED1AFB9204008FA782 /* Debug */,
				607FACEE1AFB9204008FA782 /* Release */,
			);
			defaultConfigurationIsVisible = 0;
			defaultConfigurationName = Release;
		};
		607FACEF1AFB9204008FA782 /* Build configuration list for PBXNativeTarget "SwiftyFitsize_Swift" */ = {
			isa = XCConfigurationList;
			buildConfigurations = (
				607FACF01AFB9204008FA782 /* Debug */,
				607FACF11AFB9204008FA782 /* Release */,
			);
			defaultConfigurationIsVisible = 0;
			defaultConfigurationName = Release;
		};
		607FACF21AFB9204008FA782 /* Build configuration list for PBXNativeTarget "SwiftyFitsize_SwiftTests" */ = {
			isa = XCConfigurationList;
			buildConfigurations = (
				607FACF31AFB9204008FA782 /* Debug */,
				607FACF41AFB9204008FA782 /* Release */,
			);
			defaultConfigurationIsVisible = 0;
			defaultConfigurationName = Release;
		};
		FDC4F7C626D69021002D67AE /* Build configuration list for PBXNativeTarget "SwiftyFitsize_Scene" */ = {
			isa = XCConfigurationList;
			buildConfigurations = (
				FDC4F7C426D69021002D67AE /* Debug */,
				FDC4F7C526D69021002D67AE /* Release */,
			);
			defaultConfigurationIsVisible = 0;
			defaultConfigurationName = Release;
		};
		FDD73D21219D054000CF24B1 /* Build configuration list for PBXNativeTarget "SwiftyFitsize_OC" */ = {
			isa = XCConfigurationList;
			buildConfigurations = (
				FDD73D1B219D054000CF24B1 /* Debug */,
				FDD73D1C219D054000CF24B1 /* Release */,
			);
			defaultConfigurationIsVisible = 0;
			defaultConfigurationName = Release;
		};
		FDD73D22219D054000CF24B1 /* Build configuration list for PBXNativeTarget "SwiftyFitsize_OCTests" */ = {
			isa = XCConfigurationList;
			buildConfigurations = (
				FDD73D1D219D054000CF24B1 /* Debug */,
				FDD73D1E219D054000CF24B1 /* Release */,
			);
			defaultConfigurationIsVisible = 0;
			defaultConfigurationName = Release;
		};
		FDD73D23219D054000CF24B1 /* Build configuration list for PBXNativeTarget "SwiftyFitsize_OCUITests" */ = {
			isa = XCConfigurationList;
			buildConfigurations = (
				FDD73D1F219D054000CF24B1 /* Debug */,
				FDD73D20219D054000CF24B1 /* Release */,
			);
			defaultConfigurationIsVisible = 0;
			defaultConfigurationName = Release;
		};
/* End XCConfigurationList section */

/* Begin XCRemoteSwiftPackageReference section */
		FD46E45C2864C3D000C80FDF /* XCRemoteSwiftPackageReference "SnapKit" */ = {
			isa = XCRemoteSwiftPackageReference;
			repositoryURL = "https://github.com/SnapKit/SnapKit.git";
			requirement = {
				kind = upToNextMajorVersion;
				minimumVersion = 5.0.0;
			};
		};
/* End XCRemoteSwiftPackageReference section */

/* Begin XCSwiftPackageProductDependency section */
		FD46E4572864BCD400C80FDF /* SwiftyFitsize */ = {
			isa = XCSwiftPackageProductDependency;
			productName = SwiftyFitsize;
		};
		FD46E45D2864C3D000C80FDF /* SnapKit */ = {
			isa = XCSwiftPackageProductDependency;
			package = FD46E45C2864C3D000C80FDF /* XCRemoteSwiftPackageReference "SnapKit" */;
			productName = SnapKit;
		};
		FD7BFAAB2866F09F002B2F01 /* SwiftyFitsize */ = {
			isa = XCSwiftPackageProductDependency;
			productName = SwiftyFitsize;
		};
		FD7BFAAD2866F0AA002B2F01 /* SwiftyFitsize */ = {
			isa = XCSwiftPackageProductDependency;
			productName = SwiftyFitsize;
		};
		FD7BFAAF2866F76D002B2F01 /* SnapKit */ = {
			isa = XCSwiftPackageProductDependency;
			package = FD46E45C2864C3D000C80FDF /* XCRemoteSwiftPackageReference "SnapKit" */;
			productName = SnapKit;
		};
/* End XCSwiftPackageProductDependency section */
	};
	rootObject = 607FACC81AFB9204008FA782 /* Project object */;
}
